
Microsoft Visual Studio Solution File, Format Version 12.00
# Visual Studio Version 17
VisualStudioVersion = 17.11.35303.130
MinimumVisualStudioVersion = 10.0.40219.1
Project("{9A19103F-16F7-4668-BE54-9A1E7A4F7556}") = "PE_SE173338", "PE_SE173338\PE_SE173338.csproj", "{375237EB-788F-44B5-BE0F-5425C25E4537}"
EndProject
Project("{9A19103F-16F7-4668-BE54-9A1E7A4F7556}") = "BO", "BO\BO.csproj", "{4F159B4A-A5A3-4C82-84A5-DFBC4E69FB3C}"
EndProject
Project("{9A19103F-16F7-4668-BE54-9A1E7A4F7556}") = "DAO", "DAO\DAO.csproj", "{FAA6E5F4-4269-4782-8201-FCECF979B738}"
EndProject
Project("{9A19103F-16F7-4668-BE54-9A1E7A4F7556}") = "Repo", "Repo\Repo.csproj", "{C0B15AB0-5CCD-401B-B31D-23F3C3734A58}"
EndProject
Project("{9A19103F-16F7-4668-BE54-9A1E7A4F7556}") = "PE_SE173338_PE", "PE_SE173338_PE\PE_SE173338_PE.csproj", "{3C00931E-575C-440D-B6CC-AEEF018D97D7}"
EndProject
Project("{9A19103F-16F7-4668-BE54-9A1E7A4F7556}") = "PE_SE173338_GRPC", "PE_SE173338_GRPC\PE_SE173338_GRPC.csproj", "{2310A7DD-EA97-4BFC-9507-1AA23948354B}"
EndProject
Global
	GlobalSection(SolutionConfigurationPlatforms) = preSolution
		Debug|Any CPU = Debug|Any CPU
		Release|Any CPU = Release|Any CPU
	EndGlobalSection
	GlobalSection(ProjectConfigurationPlatforms) = postSolution
		{375237EB-788F-44B5-BE0F-5425C25E4537}.Debug|Any CPU.ActiveCfg = Debug|Any CPU
		{375237EB-788F-44B5-BE0F-5425C25E4537}.Debug|Any CPU.Build.0 = Debug|Any CPU
		{375237EB-788F-44B5-BE0F-5425C25E4537}.Release|Any CPU.ActiveCfg = Release|Any CPU
		{375237EB-788F-44B5-BE0F-5425C25E4537}.Release|Any CPU.Build.0 = Release|Any CPU
		{4F159B4A-A5A3-4C82-84A5-DFBC4E69FB3C}.Debug|Any CPU.ActiveCfg = Debug|Any CPU
		{4F159B4A-A5A3-4C82-84A5-DFBC4E69FB3C}.Debug|Any CPU.Build.0 = Debug|Any CPU
		{4F159B4A-A5A3-4C82-84A5-DFBC4E69FB3C}.Release|Any CPU.ActiveCfg = Release|Any CPU
		{4F159B4A-A5A3-4C82-84A5-DFBC4E69FB3C}.Release|Any CPU.Build.0 = Release|Any CPU
		{FAA6E5F4-4269-4782-8201-FCECF979B738}.Debug|Any CPU.ActiveCfg = Debug|Any CPU
		{FAA6E5F4-4269-4782-8201-FCECF979B738}.Debug|Any CPU.Build.0 = Debug|Any CPU
		{FAA6E5F4-4269-4782-8201-FCECF979B738}.Release|Any CPU.ActiveCfg = Release|Any CPU
		{FAA6E5F4-4269-4782-8201-FCECF979B738}.Release|Any CPU.Build.0 = Release|Any CPU
		{C0B15AB0-5CCD-401B-B31D-23F3C3734A58}.Debug|Any CPU.ActiveCfg = Debug|Any CPU
		{C0B15AB0-5CCD-401B-B31D-23F3C3734A58}.Debug|Any CPU.Build.0 = Debug|Any CPU
		{C0B15AB0-5CCD-401B-B31D-23F3C3734A58}.Release|Any CPU.ActiveCfg = Release|Any CPU
		{C0B15AB0-5CCD-401B-B31D-23F3C3734A58}.Release|Any CPU.Build.0 = Release|Any CPU
		{3C00931E-575C-440D-B6CC-AEEF018D97D7}.Debug|Any CPU.ActiveCfg = Debug|Any CPU
		{3C00931E-575C-440D-B6CC-AEEF018D97D7}.Debug|Any CPU.Build.0 = Debug|Any CPU
		{3C00931E-575C-440D-B6CC-AEEF018D97D7}.Release|Any CPU.ActiveCfg = Release|Any CPU
		{3C00931E-575C-440D-B6CC-AEEF018D97D7}.Release|Any CPU.Build.0 = Release|Any CPU
		{2310A7DD-EA97-4BFC-9507-1AA23948354B}.Debug|Any CPU.ActiveCfg = Debug|Any CPU
		{2310A7DD-EA97-4BFC-9507-1AA23948354B}.Debug|Any CPU.Build.0 = Debug|Any CPU
		{2310A7DD-EA97-4BFC-9507-1AA23948354B}.Release|Any CPU.ActiveCfg = Release|Any CPU
		{2310A7DD-EA97-4BFC-9507-1AA23948354B}.Release|Any CPU.Build.0 = Release|Any CPU
	EndGlobalSection
	GlobalSection(SolutionProperties) = preSolution
		HideSolutionNode = FALSE
	EndGlobalSection
	GlobalSection(ExtensibilityGlobals) = postSolution
		SolutionGuid = {A48F8582-EB16-4850-813E-9BEDD45B6A39}
	EndGlobalSection
EndGlobal
